
Microsoft Visual Studio Solution File, Format Version 12.00
# Visual Studio Version 16
VisualStudioVersion = 16.0.30309.148
MinimumVisualStudioVersion = 10.0.40219.1
Project("{FAE04EC0-301F-11D3-BF4B-00C04F79EFBC}") = "BillAutomation", "BillAutomation\BillAutomation.csproj", "{431D690B-EA1D-4F93-9DF0-0529EE824232}"
EndProject
Global
	GlobalSection(SolutionConfigurationPlatforms) = preSolution
		Debug|Any CPU = Debug|Any CPU
		Release|Any CPU = Release|Any CPU
	EndGlobalSection
	GlobalSection(ProjectConfigurationPlatforms) = postSolution
		{431D690B-EA1D-4F93-9DF0-0529EE824232}.Debug|Any CPU.ActiveCfg = Debug|Any CPU
		{431D690B-EA1D-4F93-9DF0-0529EE824232}.Debug|Any CPU.Build.0 = Debug|Any CPU
		{431D690B-EA1D-4F93-9DF0-0529EE824232}.Release|Any CPU.ActiveCfg = Release|Any CPU
		{431D690B-EA1D-4F93-9DF0-0529EE824232}.Release|Any CPU.Build.0 = Release|Any CPU
	EndGlobalSection
	GlobalSection(SolutionProperties) = preSolution
		HideSolutionNode = FALSE
	EndGlobalSection
	GlobalSection(ExtensibilityGlobals) = postSolution
		SolutionGuid = {30DC3AC4-F9BF-4A7E-B37E-94AE57CAC787}
	EndGlobalSection
EndGlobal
